# This file is automatically @generated by Cargo.
# It is not intended for manual editing.
version = 4

[[package]]
name = "kvd-rs"
version = "1.0.0"
source = "registry+https://github.com/rust-lang/crates.io-index"
checksum = "e77fbc44f9a15e1b7c4b3a20084ff032c594283df8c0c06920ea5f93560919fe"

[[package]]
name = "kvd-spec"
version = "1.0.0"
dependencies = [
 "kvd-rs",
]
